
Microsoft Visual Studio Solution File, Format Version 12.00
# Visual Studio 15
VisualStudioVersion = 15.0.28010.2036
MinimumVisualStudioVersion = 10.0.40219.1
Project("{FAE04EC0-301F-11D3-BF4B-00C04F79EFBC}") = "Calculator", "Calculator1\Calculator.csproj", "{9B968732-6AA3-4E02-8ED8-24B44A9AFD40}"
EndProject
Project("{FAE04EC0-301F-11D3-BF4B-00C04F79EFBC}") = "CalculatorUnitTest", "CalculatorUnitTest\CalculatorUnitTest.csproj", "{799A4824-F4C7-4832-98D8-B210FDFD7369}"
EndProject
Global
	GlobalSection(SolutionConfigurationPlatforms) = preSolution
		Debug|Any CPU = Debug|Any CPU
		Release|Any CPU = Release|Any CPU
	EndGlobalSection
	GlobalSection(ProjectConfigurationPlatforms) = postSolution
		{9B968732-6AA3-4E02-8ED8-24B44A9AFD40}.Debug|Any CPU.ActiveCfg = Debug|Any CPU
		{9B968732-6AA3-4E02-8ED8-24B44A9AFD40}.Debug|Any CPU.Build.0 = Debug|Any CPU
		{9B968732-6AA3-4E02-8ED8-24B44A9AFD40}.Release|Any CPU.ActiveCfg = Release|Any CPU
		{9B968732-6AA3-4E02-8ED8-24B44A9AFD40}.Release|Any CPU.Build.0 = Release|Any CPU
		{799A4824-F4C7-4832-98D8-B210FDFD7369}.Debug|Any CPU.ActiveCfg = Debug|Any CPU
		{799A4824-F4C7-4832-98D8-B210FDFD7369}.Debug|Any CPU.Build.0 = Debug|Any CPU
		{799A4824-F4C7-4832-98D8-B210FDFD7369}.Release|Any CPU.ActiveCfg = Release|Any CPU
		{799A4824-F4C7-4832-98D8-B210FDFD7369}.Release|Any CPU.Build.0 = Release|Any CPU
	EndGlobalSection
	GlobalSection(SolutionProperties) = preSolution
		HideSolutionNode = FALSE
	EndGlobalSection
	GlobalSection(ExtensibilityGlobals) = postSolution
		SolutionGuid = {C7F867D0-D4D3-4C2F-AAE8-A75A947D2DD0}
	EndGlobalSection
EndGlobal
